
Microsoft Visual Studio Solution File, Format Version 12.00
# Visual Studio 14
VisualStudioVersion = 14.0.24720.0
MinimumVisualStudioVersion = 10.0.40219.1
Project("{8BC9CEB8-8B4A-11D0-8D11-00A0C91BC942}") = "EyeF", "EyeF\EyeF.vcxproj", "{0DE824D9-A379-404F-8B15-BDFDD6CAA1D0}"
EndProject
Project("{8BC9CEB8-8B4A-11D0-8D11-00A0C91BC942}") = "EyeP", "EyeP\EyeP.vcxproj", "{E69C913D-D18B-4560-AAE7-797E20ED5C50}"
EndProject
Project("{8BC9CEB8-8B4A-11D0-8D11-00A0C91BC942}") = "appEyeX", "appEyeX\appEyeX.vcxproj", "{6001CB53-EB19-4E39-B5E9-CF00C83F41CF}"
EndProject
Project("{8BC9CEB8-8B4A-11D0-8D11-00A0C91BC942}") = "EyeX", "EyeX\EyeX.vcxproj", "{FAACAF90-5DC3-4CA4-A804-3044F9238E7A}"
EndProject
Project("{8BC9CEB8-8B4A-11D0-8D11-00A0C91BC942}") = "EyeW", "EyeW\EyeW.vcxproj", "{C93C4F7C-4BDB-4D04-B02F-DCE50FE8D580}"
EndProject
Project("{8BC9CEB8-8B4A-11D0-8D11-00A0C91BC942}") = "EyeA", "EyeA\EyeA.vcxproj", "{A6113177-FC15-40CC-8457-CD02029D4A38}"
EndProject
Project("{8BC9CEB8-8B4A-11D0-8D11-00A0C91BC942}") = "Hole", "Hole\Hole.vcxproj", "{A8A52380-B806-4177-B92A-E819BE74D36B}"
EndProject
Project("{8BC9CEB8-8B4A-11D0-8D11-00A0C91BC942}") = "F135", "F135\F135.vcxproj", "{2537EAF2-FE75-4E5C-97FC-3B2275786599}"
EndProject
Project("{8BC9CEB8-8B4A-11D0-8D11-00A0C91BC942}") = "appEyeF", "appEyeF\appEyeF.vcxproj", "{0E67A445-E3E2-4A20-B768-5487821B9568}"
EndProject
Project("{8BC9CEB8-8B4A-11D0-8D11-00A0C91BC942}") = "appF135", "appF135\appF135.vcxproj", "{1F1E1C2C-382B-4EC7-BCAD-144DE7232451}"
EndProject
Global
	GlobalSection(SolutionConfigurationPlatforms) = preSolution
		Debug|x64 = Debug|x64
		Debug|x86 = Debug|x86
		Release|x64 = Release|x64
		Release|x86 = Release|x86
	EndGlobalSection
	GlobalSection(ProjectConfigurationPlatforms) = postSolution
		{0DE824D9-A379-404F-8B15-BDFDD6CAA1D0}.Debug|x64.ActiveCfg = Debug|x64
		{0DE824D9-A379-404F-8B15-BDFDD6CAA1D0}.Debug|x64.Build.0 = Debug|x64
		{0DE824D9-A379-404F-8B15-BDFDD6CAA1D0}.Debug|x86.ActiveCfg = Debug|x64
		{0DE824D9-A379-404F-8B15-BDFDD6CAA1D0}.Release|x64.ActiveCfg = Release|x64
		{0DE824D9-A379-404F-8B15-BDFDD6CAA1D0}.Release|x64.Build.0 = Release|x64
		{0DE824D9-A379-404F-8B15-BDFDD6CAA1D0}.Release|x86.ActiveCfg = Release|x64
		{E69C913D-D18B-4560-AAE7-797E20ED5C50}.Debug|x64.ActiveCfg = Debug|x64
		{E69C913D-D18B-4560-AAE7-797E20ED5C50}.Debug|x64.Build.0 = Debug|x64
		{E69C913D-D18B-4560-AAE7-797E20ED5C50}.Debug|x86.ActiveCfg = Debug|x64
		{E69C913D-D18B-4560-AAE7-797E20ED5C50}.Release|x64.ActiveCfg = Release|x64
		{E69C913D-D18B-4560-AAE7-797E20ED5C50}.Release|x64.Build.0 = Release|x64
		{E69C913D-D18B-4560-AAE7-797E20ED5C50}.Release|x86.ActiveCfg = Release|x64
		{6001CB53-EB19-4E39-B5E9-CF00C83F41CF}.Debug|x64.ActiveCfg = Debug|x64
		{6001CB53-EB19-4E39-B5E9-CF00C83F41CF}.Debug|x64.Build.0 = Debug|x64
		{6001CB53-EB19-4E39-B5E9-CF00C83F41CF}.Debug|x86.ActiveCfg = Debug|x64
		{6001CB53-EB19-4E39-B5E9-CF00C83F41CF}.Release|x64.ActiveCfg = Release|x64
		{6001CB53-EB19-4E39-B5E9-CF00C83F41CF}.Release|x64.Build.0 = Release|x64
		{6001CB53-EB19-4E39-B5E9-CF00C83F41CF}.Release|x86.ActiveCfg = Release|x64
		{FAACAF90-5DC3-4CA4-A804-3044F9238E7A}.Debug|x64.ActiveCfg = Debug|x64
		{FAACAF90-5DC3-4CA4-A804-3044F9238E7A}.Debug|x64.Build.0 = Debug|x64
		{FAACAF90-5DC3-4CA4-A804-3044F9238E7A}.Debug|x86.ActiveCfg = Debug|x64
		{FAACAF90-5DC3-4CA4-A804-3044F9238E7A}.Release|x64.ActiveCfg = Release|x64
		{FAACAF90-5DC3-4CA4-A804-3044F9238E7A}.Release|x64.Build.0 = Release|x64
		{FAACAF90-5DC3-4CA4-A804-3044F9238E7A}.Release|x86.ActiveCfg = Release|x64
		{C93C4F7C-4BDB-4D04-B02F-DCE50FE8D580}.Debug|x64.ActiveCfg = Debug|x64
		{C93C4F7C-4BDB-4D04-B02F-DCE50FE8D580}.Debug|x64.Build.0 = Debug|x64
		{C93C4F7C-4BDB-4D04-B02F-DCE50FE8D580}.Debug|x86.ActiveCfg = Debug|x64
		{C93C4F7C-4BDB-4D04-B02F-DCE50FE8D580}.Release|x64.ActiveCfg = Release|x64
		{C93C4F7C-4BDB-4D04-B02F-DCE50FE8D580}.Release|x64.Build.0 = Release|x64
		{C93C4F7C-4BDB-4D04-B02F-DCE50FE8D580}.Release|x86.ActiveCfg = Release|x64
		{A6113177-FC15-40CC-8457-CD02029D4A38}.Debug|x64.ActiveCfg = Debug|x64
		{A6113177-FC15-40CC-8457-CD02029D4A38}.Debug|x64.Build.0 = Debug|x64
		{A6113177-FC15-40CC-8457-CD02029D4A38}.Debug|x86.ActiveCfg = Debug|x64
		{A6113177-FC15-40CC-8457-CD02029D4A38}.Release|x64.ActiveCfg = Release|x64
		{A6113177-FC15-40CC-8457-CD02029D4A38}.Release|x64.Build.0 = Release|x64
		{A6113177-FC15-40CC-8457-CD02029D4A38}.Release|x86.ActiveCfg = Release|x64
		{A8A52380-B806-4177-B92A-E819BE74D36B}.Debug|x64.ActiveCfg = Debug|x64
		{A8A52380-B806-4177-B92A-E819BE74D36B}.Debug|x64.Build.0 = Debug|x64
		{A8A52380-B806-4177-B92A-E819BE74D36B}.Debug|x86.ActiveCfg = Debug|Win32
		{A8A52380-B806-4177-B92A-E819BE74D36B}.Debug|x86.Build.0 = Debug|Win32
		{A8A52380-B806-4177-B92A-E819BE74D36B}.Release|x64.ActiveCfg = Release|x64
		{A8A52380-B806-4177-B92A-E819BE74D36B}.Release|x64.Build.0 = Release|x64
		{A8A52380-B806-4177-B92A-E819BE74D36B}.Release|x86.ActiveCfg = Release|Win32
		{A8A52380-B806-4177-B92A-E819BE74D36B}.Release|x86.Build.0 = Release|Win32
		{2537EAF2-FE75-4E5C-97FC-3B2275786599}.Debug|x64.ActiveCfg = Debug|x64
		{2537EAF2-FE75-4E5C-97FC-3B2275786599}.Debug|x64.Build.0 = Debug|x64
		{2537EAF2-FE75-4E5C-97FC-3B2275786599}.Debug|x86.ActiveCfg = Debug|Win32
		{2537EAF2-FE75-4E5C-97FC-3B2275786599}.Debug|x86.Build.0 = Debug|Win32
		{2537EAF2-FE75-4E5C-97FC-3B2275786599}.Release|x64.ActiveCfg = Release|x64
		{2537EAF2-FE75-4E5C-97FC-3B2275786599}.Release|x64.Build.0 = Release|x64
		{2537EAF2-FE75-4E5C-97FC-3B2275786599}.Release|x86.ActiveCfg = Release|Win32
		{2537EAF2-FE75-4E5C-97FC-3B2275786599}.Release|x86.Build.0 = Release|Win32
		{0E67A445-E3E2-4A20-B768-5487821B9568}.Debug|x64.ActiveCfg = Debug|x64
		{0E67A445-E3E2-4A20-B768-5487821B9568}.Debug|x64.Build.0 = Debug|x64
		{0E67A445-E3E2-4A20-B768-5487821B9568}.Debug|x86.ActiveCfg = Debug|x64
		{0E67A445-E3E2-4A20-B768-5487821B9568}.Release|x64.ActiveCfg = Release|x64
		{0E67A445-E3E2-4A20-B768-5487821B9568}.Release|x64.Build.0 = Release|x64
		{0E67A445-E3E2-4A20-B768-5487821B9568}.Release|x86.ActiveCfg = Release|x64
		{1F1E1C2C-382B-4EC7-BCAD-144DE7232451}.Debug|x64.ActiveCfg = Debug|x64
		{1F1E1C2C-382B-4EC7-BCAD-144DE7232451}.Debug|x64.Build.0 = Debug|x64
		{1F1E1C2C-382B-4EC7-BCAD-144DE7232451}.Debug|x86.ActiveCfg = Debug|x64
		{1F1E1C2C-382B-4EC7-BCAD-144DE7232451}.Release|x64.ActiveCfg = Release|x64
		{1F1E1C2C-382B-4EC7-BCAD-144DE7232451}.Release|x64.Build.0 = Release|x64
		{1F1E1C2C-382B-4EC7-BCAD-144DE7232451}.Release|x86.ActiveCfg = Release|x64
	EndGlobalSection
	GlobalSection(SolutionProperties) = preSolution
		HideSolutionNode = FALSE
	EndGlobalSection
EndGlobal
